
Microsoft Visual Studio Solution File, Format Version 12.00
# Visual Studio Version 18
VisualStudioVersion = 18.2.11408.102 d18.0
MinimumVisualStudioVersion = 10.0.40219.1
Project("{FAE04EC0-301F-11D3-BF4B-00C04F79EFBC}") = "API", "Proyectos\API\API.csproj", "{CE25AA3C-A1D6-5F28-367A-78A27E0F54C5}"
EndProject
Project("{FAE04EC0-301F-11D3-BF4B-00C04F79EFBC}") = "ToolkitG3Core", "..\..\ToolkitG3Core\ToolkitG3Core\ToolkitG3Core.csproj", "{22AE2366-0B16-7D47-263E-F147AECFE83C}"
EndProject
Project("{FAE04EC0-301F-11D3-BF4B-00C04F79EFBC}") = "ServiciosAPIG3", "..\..\ServiciosAPIG3\ServiciosAPIG3\ServiciosAPIG3.csproj", "{DD3EE308-6B39-0B41-53A6-FF673938A450}"
EndProject
Project("{FAE04EC0-301F-11D3-BF4B-00C04F79EFBC}") = "WEB", "Proyectos\WEB\WEB.csproj", "{CC4E6F9A-9E71-3001-C18A-9866AF21F3BA}"
EndProject
Global
	GlobalSection(SolutionConfigurationPlatforms) = preSolution
		Debug|Any CPU = Debug|Any CPU
		Release|Any CPU = Release|Any CPU
	EndGlobalSection
	GlobalSection(ProjectConfigurationPlatforms) = postSolution
		{CE25AA3C-A1D6-5F28-367A-78A27E0F54C5}.Debug|Any CPU.ActiveCfg = Debug|Any CPU
		{CE25AA3C-A1D6-5F28-367A-78A27E0F54C5}.Debug|Any CPU.Build.0 = Debug|Any CPU
		{CE25AA3C-A1D6-5F28-367A-78A27E0F54C5}.Release|Any CPU.ActiveCfg = Release|Any CPU
		{CE25AA3C-A1D6-5F28-367A-78A27E0F54C5}.Release|Any CPU.Build.0 = Release|Any CPU
		{22AE2366-0B16-7D47-263E-F147AECFE83C}.Debug|Any CPU.ActiveCfg = Debug|Any CPU
		{22AE2366-0B16-7D47-263E-F147AECFE83C}.Debug|Any CPU.Build.0 = Debug|Any CPU
		{22AE2366-0B16-7D47-263E-F147AECFE83C}.Release|Any CPU.ActiveCfg = Release|Any CPU
		{22AE2366-0B16-7D47-263E-F147AECFE83C}.Release|Any CPU.Build.0 = Release|Any CPU
		{DD3EE308-6B39-0B41-53A6-FF673938A450}.Debug|Any CPU.ActiveCfg = Debug|Any CPU
		{DD3EE308-6B39-0B41-53A6-FF673938A450}.Debug|Any CPU.Build.0 = Debug|Any CPU
		{DD3EE308-6B39-0B41-53A6-FF673938A450}.Release|Any CPU.ActiveCfg = Release|Any CPU
		{DD3EE308-6B39-0B41-53A6-FF673938A450}.Release|Any CPU.Build.0 = Release|Any CPU
		{CC4E6F9A-9E71-3001-C18A-9866AF21F3BA}.Debug|Any CPU.ActiveCfg = Debug|Any CPU
		{CC4E6F9A-9E71-3001-C18A-9866AF21F3BA}.Debug|Any CPU.Build.0 = Debug|Any CPU
		{CC4E6F9A-9E71-3001-C18A-9866AF21F3BA}.Release|Any CPU.ActiveCfg = Release|Any CPU
		{CC4E6F9A-9E71-3001-C18A-9866AF21F3BA}.Release|Any CPU.Build.0 = Release|Any CPU
	EndGlobalSection
	GlobalSection(SolutionProperties) = preSolution
		HideSolutionNode = FALSE
	EndGlobalSection
	GlobalSection(ExtensibilityGlobals) = postSolution
		SolutionGuid = {4ABDD24B-C317-4827-BD3F-3E4B0A175D1A}
	EndGlobalSection
EndGlobal
